{
  "nodes": {
    "home-manager": {
      "inputs": {
        "nixpkgs": [
          "nixpkgs"
        ]
      },
      "locked": {
        "lastModified": 1767280655,
        "narHash": "sha256-YmaYMduV5ko8zURUT1VLGDbVC1L/bxHS0NsiPoZ6bBM=",
        "owner": "nix-community",
        "repo": "home-manager",
        "rev": "d49d2543f02dbd789ed032188c84570d929223cb",
        "type": "github"
      },
      "original": {
        "owner": "nix-community",
        "ref": "release-25.11",
        "repo": "home-manager",
        "type": "github"
      }
    },
    "nixpkgs": {
      "locked": {
        "lastModified": 1767325753,
        "narHash": "sha256-yA/CuWyqm+AQo2ivGy6PlYrjZBQm7jfbe461+4HF2fo=",
        "owner": "nixos",
        "repo": "nixpkgs",
        "rev": "64049ca74d63e971b627b5f3178d95642e61cedd",
        "type": "github"
      },
      "original": {
        "owner": "nixos",
        "ref": "nixos-25.11",
        "repo": "nixpkgs",
        "type": "github"
      }
    },
    "nvim-src": {
      "flake": false,
      "locked": {
        "lastModified": 1767412315,
        "narHash": "sha256-AX9kbu28avaAXvCvAZrNN7o/MP9iBG1UkD6HQH0UozU=",
        "owner": "xavxavier",
        "repo": "nvim-config-2026",
        "rev": "5a8a24bfdf168a32e3b871b6c4ac82f6853c57bd",
        "type": "github"
      },
      "original": {
        "owner": "xavxavier",
        "repo": "nvim-config-2026",
        "type": "github"
      }
    },
    "root": {
      "inputs": {
        "home-manager": "home-manager",
        "nixpkgs": "nixpkgs",
        "nvim-src": "nvim-src"
      }
    }
  },
  "root": "root",
  "version": 7
}
