{
  "nodes": {
    "home-manager": {
      "inputs": {
        "nixpkgs": [
          "nixpkgs"
        ]
      },
      "locked": {
        "lastModified": 1767619900,
        "narHash": "sha256-KpoCBPvwHz3gAQtIUkohE2InRBFK3r0/FM6z5SPWfvM=",
        "owner": "nix-community",
        "repo": "home-manager",
        "rev": "6bd04da47cfb48dfd15eabf08364b78ad894f5b2",
        "type": "github"
      },
      "original": {
        "owner": "nix-community",
        "ref": "release-25.11",
        "repo": "home-manager",
        "type": "github"
      }
    },
    "nixpkgs": {
      "locked": {
        "lastModified": 1767634882,
        "narHash": "sha256-2GffSfQxe3sedHzK+sTKlYo/NTIAGzbFCIsNMUPAAnk=",
        "owner": "nixos",
        "repo": "nixpkgs",
        "rev": "3c9db02515ef1d9b6b709fc60ba9a540957f661c",
        "type": "github"
      },
      "original": {
        "owner": "nixos",
        "ref": "nixos-25.11",
        "repo": "nixpkgs",
        "type": "github"
      }
    },
    "nvim-src": {
      "flake": false,
      "locked": {
        "lastModified": 1767659248,
        "narHash": "sha256-KnH/zGtmt/Zsh1oIKbR/LMknLXpmiEFJhzrLzU+lLuM=",
        "owner": "xavxavier",
        "repo": "nvim-config-2026",
        "rev": "1cd8e8c480ba5e1edbf13561888d4b6c9cd4b99f",
        "type": "github"
      },
      "original": {
        "owner": "xavxavier",
        "repo": "nvim-config-2026",
        "type": "github"
      }
    },
    "root": {
      "inputs": {
        "home-manager": "home-manager",
        "nixpkgs": "nixpkgs",
        "nvim-src": "nvim-src"
      }
    }
  },
  "root": "root",
  "version": 7
}
